hash: 9851d5d2ba546d6403e9e188468bf8ece51c2c4e0132ee7bfba0ee9b8369003f
updated: 2018-02-21T22:08:33.402618+01:00
imports:
- name: github.com/andybalholm/cascadia
  version: 901648c87902174f774fac311d7f176f8647bdaa
- name: github.com/PuerkitoBio/goquery
  version: 09540e565986583836b5fc792fe951ec5fd201dd
- name: golang.org/x/net
  version: 5ccada7d0a7ba9aeb5d3aca8d3501b4c2a509fec
  subpackages:
  - html
  - html/atom
testImports: []
